<Solution>
    <Project Path="src/ForRest.Maui/ForRest.Maui.csproj">
      <Deploy Solution="Debug|*" />
    </Project>
    <Project Path="src/ForRest.Domain/ForRest.Domain.csproj" />
    <Project Path="src/ForRest.Infrastructure.Sqlite/ForRest.Infrastructure.Sqlite.csproj" />
    <Project Path="src/ForRest.Models/ForRest.Models.csproj" />
    <Project Path="src/ForRest.Plugins.Abstractions/ForRest.Plugins.Abstractions.csproj" />
    <Project Path="src/ForRest.Plugins.Host/ForRest.Plugins.Host.csproj" />
    <Project Path="src/ForRest.Repositories/ForRest.Repositories.csproj" />
    <Project Path="src/ForRest.Scripting/ForRest.Scripting.csproj" />
    <Project Path="src/ForRest.Services/ForRest.Services.csproj" />
    <Project Path="src/ForRest.Shared/ForRest.Shared.csproj" />
  <Folder Name="/tests/">
    <Project Path="tests/ForRest.Tests/ForRest.Tests.csproj" />
  </Folder>
</Solution>
